
Microsoft Visual Studio Solution File, Format Version 12.00
# Visual Studio Version 16
VisualStudioVersion = 16.0.30320.27
MinimumVisualStudioVersion = 10.0.40219.1
Project("{FAE04EC0-301F-11D3-BF4B-00C04F79EFBC}") = "TrabalhoAED", "TrabalhoAED\TrabalhoAED.csproj", "{3030254E-EA8A-411A-B31E-E8DFE71BE9CD}"
EndProject
Global
	GlobalSection(SolutionConfigurationPlatforms) = preSolution
		Debug|Any CPU = Debug|Any CPU
		Release|Any CPU = Release|Any CPU
	EndGlobalSection
	GlobalSection(ProjectConfigurationPlatforms) = postSolution
		{3030254E-EA8A-411A-B31E-E8DFE71BE9CD}.Debug|Any CPU.ActiveCfg = Debug|Any CPU
		{3030254E-EA8A-411A-B31E-E8DFE71BE9CD}.Debug|Any CPU.Build.0 = Debug|Any CPU
		{3030254E-EA8A-411A-B31E-E8DFE71BE9CD}.Release|Any CPU.ActiveCfg = Release|Any CPU
		{3030254E-EA8A-411A-B31E-E8DFE71BE9CD}.Release|Any CPU.Build.0 = Release|Any CPU
	EndGlobalSection
	GlobalSection(SolutionProperties) = preSolution
		HideSolutionNode = FALSE
	EndGlobalSection
	GlobalSection(ExtensibilityGlobals) = postSolution
		SolutionGuid = {64E9B4B4-07EF-4AA9-BF8E-54601C5A20CC}
	EndGlobalSection
EndGlobal
